
Microsoft Visual Studio Solution File, Format Version 12.00
# Visual Studio 14
VisualStudioVersion = 14.0.24720.0
MinimumVisualStudioVersion = 10.0.40219.1
Project("{FAE04EC0-301F-11D3-BF4B-00C04F79EFBC}") = "HelloWorld", "..\Telerik\HelloWorld\HelloWorld.csproj", "{81B62860-17B7-4ADE-99D6-AD27BD28D41F}"
EndProject
Project("{FAE04EC0-301F-11D3-BF4B-00C04F79EFBC}") = "PrintNumbers", "PrintNumbers\PrintNumbers.csproj", "{A82EE479-4F79-4EEA-BB58-27675B1D4A03}"
EndProject
Project("{FAE04EC0-301F-11D3-BF4B-00C04F79EFBC}") = "SquareRoot", "SquareRoot\SquareRoot.csproj", "{2ECE28E2-4249-431C-B80B-89BA52EEEAD2}"
EndProject
Project("{FAE04EC0-301F-11D3-BF4B-00C04F79EFBC}") = "PrintSequence", "PrintSequence\PrintSequence.csproj", "{C71D273E-0B4C-43F2-B3A9-69DF9DF4FEEB}"
EndProject
Project("{FAE04EC0-301F-11D3-BF4B-00C04F79EFBC}") = "Age", "Age\Age.csproj", "{2FB70BF0-694E-4883-9719-D824AA574261}"
EndProject
Project("{FAE04EC0-301F-11D3-BF4B-00C04F79EFBC}") = "LongSequence", "LongSequence\LongSequence.csproj", "{21692AE2-BFFD-4C13-8C1E-0477363E7D9A}"
EndProject
Global
	GlobalSection(SolutionConfigurationPlatforms) = preSolution
		Debug|Any CPU = Debug|Any CPU
		Release|Any CPU = Release|Any CPU
	EndGlobalSection
	GlobalSection(ProjectConfigurationPlatforms) = postSolution
		{81B62860-17B7-4ADE-99D6-AD27BD28D41F}.Debug|Any CPU.ActiveCfg = Debug|Any CPU
		{81B62860-17B7-4ADE-99D6-AD27BD28D41F}.Debug|Any CPU.Build.0 = Debug|Any CPU
		{81B62860-17B7-4ADE-99D6-AD27BD28D41F}.Release|Any CPU.ActiveCfg = Release|Any CPU
		{81B62860-17B7-4ADE-99D6-AD27BD28D41F}.Release|Any CPU.Build.0 = Release|Any CPU
		{A82EE479-4F79-4EEA-BB58-27675B1D4A03}.Debug|Any CPU.ActiveCfg = Debug|Any CPU
		{A82EE479-4F79-4EEA-BB58-27675B1D4A03}.Debug|Any CPU.Build.0 = Debug|Any CPU
		{A82EE479-4F79-4EEA-BB58-27675B1D4A03}.Release|Any CPU.ActiveCfg = Release|Any CPU
		{A82EE479-4F79-4EEA-BB58-27675B1D4A03}.Release|Any CPU.Build.0 = Release|Any CPU
		{2ECE28E2-4249-431C-B80B-89BA52EEEAD2}.Debug|Any CPU.ActiveCfg = Debug|Any CPU
		{2ECE28E2-4249-431C-B80B-89BA52EEEAD2}.Debug|Any CPU.Build.0 = Debug|Any CPU
		{2ECE28E2-4249-431C-B80B-89BA52EEEAD2}.Release|Any CPU.ActiveCfg = Release|Any CPU
		{2ECE28E2-4249-431C-B80B-89BA52EEEAD2}.Release|Any CPU.Build.0 = Release|Any CPU
		{C71D273E-0B4C-43F2-B3A9-69DF9DF4FEEB}.Debug|Any CPU.ActiveCfg = Debug|Any CPU
		{C71D273E-0B4C-43F2-B3A9-69DF9DF4FEEB}.Debug|Any CPU.Build.0 = Debug|Any CPU
		{C71D273E-0B4C-43F2-B3A9-69DF9DF4FEEB}.Release|Any CPU.ActiveCfg = Release|Any CPU
		{C71D273E-0B4C-43F2-B3A9-69DF9DF4FEEB}.Release|Any CPU.Build.0 = Release|Any CPU
		{2FB70BF0-694E-4883-9719-D824AA574261}.Debug|Any CPU.ActiveCfg = Debug|Any CPU
		{2FB70BF0-694E-4883-9719-D824AA574261}.Debug|Any CPU.Build.0 = Debug|Any CPU
		{2FB70BF0-694E-4883-9719-D824AA574261}.Release|Any CPU.ActiveCfg = Release|Any CPU
		{2FB70BF0-694E-4883-9719-D824AA574261}.Release|Any CPU.Build.0 = Release|Any CPU
		{21692AE2-BFFD-4C13-8C1E-0477363E7D9A}.Debug|Any CPU.ActiveCfg = Debug|Any CPU
		{21692AE2-BFFD-4C13-8C1E-0477363E7D9A}.Debug|Any CPU.Build.0 = Debug|Any CPU
		{21692AE2-BFFD-4C13-8C1E-0477363E7D9A}.Release|Any CPU.ActiveCfg = Release|Any CPU
		{21692AE2-BFFD-4C13-8C1E-0477363E7D9A}.Release|Any CPU.Build.0 = Release|Any CPU
	EndGlobalSection
	GlobalSection(SolutionProperties) = preSolution
		HideSolutionNode = FALSE
	EndGlobalSection
EndGlobal
