
Microsoft Visual Studio Solution File, Format Version 12.00
# Visual Studio 14
VisualStudioVersion = 14.0.24720.0
MinimumVisualStudioVersion = 10.0.40219.1
Project("{FAE04EC0-301F-11D3-BF4B-00C04F79EFBC}") = "StudentTest", "StudentTest\StudentTest.csproj", "{C9B14A11-FA4B-48E1-9DCE-C0CC182E6EF0}"
EndProject
Project("{FAE04EC0-301F-11D3-BF4B-00C04F79EFBC}") = "PersonTest", "PersonTest\PersonTest.csproj", "{99DE6663-9706-4006-9740-B820DBDC583B}"
EndProject
Project("{FAE04EC0-301F-11D3-BF4B-00C04F79EFBC}") = "BitArray", "BitArray\BitArray.csproj", "{90DFB1EA-FF33-4BBF-AB33-103C6717161A}"
EndProject
Global
	GlobalSection(SolutionConfigurationPlatforms) = preSolution
		Debug|Any CPU = Debug|Any CPU
		Release|Any CPU = Release|Any CPU
	EndGlobalSection
	GlobalSection(ProjectConfigurationPlatforms) = postSolution
		{C9B14A11-FA4B-48E1-9DCE-C0CC182E6EF0}.Debug|Any CPU.ActiveCfg = Debug|Any CPU
		{C9B14A11-FA4B-48E1-9DCE-C0CC182E6EF0}.Debug|Any CPU.Build.0 = Debug|Any CPU
		{C9B14A11-FA4B-48E1-9DCE-C0CC182E6EF0}.Release|Any CPU.ActiveCfg = Release|Any CPU
		{C9B14A11-FA4B-48E1-9DCE-C0CC182E6EF0}.Release|Any CPU.Build.0 = Release|Any CPU
		{99DE6663-9706-4006-9740-B820DBDC583B}.Debug|Any CPU.ActiveCfg = Debug|Any CPU
		{99DE6663-9706-4006-9740-B820DBDC583B}.Debug|Any CPU.Build.0 = Debug|Any CPU
		{99DE6663-9706-4006-9740-B820DBDC583B}.Release|Any CPU.ActiveCfg = Release|Any CPU
		{99DE6663-9706-4006-9740-B820DBDC583B}.Release|Any CPU.Build.0 = Release|Any CPU
		{90DFB1EA-FF33-4BBF-AB33-103C6717161A}.Debug|Any CPU.ActiveCfg = Debug|Any CPU
		{90DFB1EA-FF33-4BBF-AB33-103C6717161A}.Debug|Any CPU.Build.0 = Debug|Any CPU
		{90DFB1EA-FF33-4BBF-AB33-103C6717161A}.Release|Any CPU.ActiveCfg = Release|Any CPU
		{90DFB1EA-FF33-4BBF-AB33-103C6717161A}.Release|Any CPU.Build.0 = Release|Any CPU
	EndGlobalSection
	GlobalSection(SolutionProperties) = preSolution
		HideSolutionNode = FALSE
	EndGlobalSection
EndGlobal
