
Microsoft Visual Studio Solution File, Format Version 12.00
# Visual Studio 14
VisualStudioVersion = 14.0.24720.0
MinimumVisualStudioVersion = 10.0.40219.1
Project("{FAE04EC0-301F-11D3-BF4B-00C04F79EFBC}") = "Defining-Classes-Part-1", "Defining-Classes-Part-1\Defining-Classes-Part-1.csproj", "{425B1AE8-8B75-4109-A190-36C0913C7A02}"
EndProject
Project("{FAE04EC0-301F-11D3-BF4B-00C04F79EFBC}") = "Defining-Classes-Part-2", "Defining-Classes-Part-2\Defining-Classes-Part-2.csproj", "{40031DF8-1B4E-4693-9DF3-12EBCA3E3599}"
EndProject
Project("{FAE04EC0-301F-11D3-BF4B-00C04F79EFBC}") = "Extension-Methods-Delegates-Lambda-LINQ", "Extension-Methods-Delegates-Lambda-LINQ\Extension-Methods-Delegates-Lambda-LINQ.csproj", "{337609D8-64FD-4B07-BD96-C4580C9EA37C}"
EndProject
Project("{FAE04EC0-301F-11D3-BF4B-00C04F79EFBC}") = "OOP-Principles-Part-1", "OOP-Principles-Part-1\OOP-Principles-Part-1.csproj", "{76E191B3-FFF3-43FD-BF9F-399089CEEE0B}"
EndProject
Project("{FAE04EC0-301F-11D3-BF4B-00C04F79EFBC}") = "OOP-Principles-Part-2", "OOP-Principles-Part-2\OOP-Principles-Part-2.csproj", "{22800B04-C343-4C0D-A00D-DFD650627AB8}"
EndProject
Global
	GlobalSection(SolutionConfigurationPlatforms) = preSolution
		Debug|Any CPU = Debug|Any CPU
		Release|Any CPU = Release|Any CPU
	EndGlobalSection
	GlobalSection(ProjectConfigurationPlatforms) = postSolution
		{425B1AE8-8B75-4109-A190-36C0913C7A02}.Debug|Any CPU.ActiveCfg = Debug|Any CPU
		{425B1AE8-8B75-4109-A190-36C0913C7A02}.Debug|Any CPU.Build.0 = Debug|Any CPU
		{425B1AE8-8B75-4109-A190-36C0913C7A02}.Release|Any CPU.ActiveCfg = Release|Any CPU
		{425B1AE8-8B75-4109-A190-36C0913C7A02}.Release|Any CPU.Build.0 = Release|Any CPU
		{40031DF8-1B4E-4693-9DF3-12EBCA3E3599}.Debug|Any CPU.ActiveCfg = Debug|Any CPU
		{40031DF8-1B4E-4693-9DF3-12EBCA3E3599}.Debug|Any CPU.Build.0 = Debug|Any CPU
		{40031DF8-1B4E-4693-9DF3-12EBCA3E3599}.Release|Any CPU.ActiveCfg = Release|Any CPU
		{40031DF8-1B4E-4693-9DF3-12EBCA3E3599}.Release|Any CPU.Build.0 = Release|Any CPU
		{337609D8-64FD-4B07-BD96-C4580C9EA37C}.Debug|Any CPU.ActiveCfg = Debug|Any CPU
		{337609D8-64FD-4B07-BD96-C4580C9EA37C}.Debug|Any CPU.Build.0 = Debug|Any CPU
		{337609D8-64FD-4B07-BD96-C4580C9EA37C}.Release|Any CPU.ActiveCfg = Release|Any CPU
		{337609D8-64FD-4B07-BD96-C4580C9EA37C}.Release|Any CPU.Build.0 = Release|Any CPU
		{76E191B3-FFF3-43FD-BF9F-399089CEEE0B}.Debug|Any CPU.ActiveCfg = Debug|Any CPU
		{76E191B3-FFF3-43FD-BF9F-399089CEEE0B}.Debug|Any CPU.Build.0 = Debug|Any CPU
		{76E191B3-FFF3-43FD-BF9F-399089CEEE0B}.Release|Any CPU.ActiveCfg = Release|Any CPU
		{76E191B3-FFF3-43FD-BF9F-399089CEEE0B}.Release|Any CPU.Build.0 = Release|Any CPU
		{22800B04-C343-4C0D-A00D-DFD650627AB8}.Debug|Any CPU.ActiveCfg = Debug|Any CPU
		{22800B04-C343-4C0D-A00D-DFD650627AB8}.Debug|Any CPU.Build.0 = Debug|Any CPU
		{22800B04-C343-4C0D-A00D-DFD650627AB8}.Release|Any CPU.ActiveCfg = Release|Any CPU
		{22800B04-C343-4C0D-A00D-DFD650627AB8}.Release|Any CPU.Build.0 = Release|Any CPU
	EndGlobalSection
	GlobalSection(SolutionProperties) = preSolution
		HideSolutionNode = FALSE
	EndGlobalSection
EndGlobal
